// !$*UTF8*$!
{
	archiveVersion = 1;
	classes = {
	};
	objectVersion = 46;
	objects = {

/* Begin PBXFileReference section */
		61953054E79C679999285760 /* Codeviewer.app */ = {isa = PBXFileReference; explicitFileType = wrapper.application; includeInIndex = 0; path = Codeviewer.app; sourceTree = BUILT_PRODUCTS_DIR; };
		61953F84EDE8841FF4EB58FD /* Info.plist */ = {isa = PBXFileReference; fileEncoding = 4; lastKnownFileType = text.plist.info; name = Info.plist; path = src/Info.plist; sourceTree = "<group>"; };
/* End PBXFileReference section */

/* Begin PBXFileSystemSynchronizedBuildFileExceptionSet section */
		619536EC3227DE902FA82C88 /* PBXFileSystemSynchronizedBuildFileExceptionSet */ = {
			isa = PBXFileSystemSynchronizedBuildFileExceptionSet;
			membershipExceptions = (
				Info.plist,
			);
			target = 61953448E778222CB0131C83 /* app */;
		};
/* End PBXFileSystemSynchronizedBuildFileExceptionSet section */

/* Begin PBXFileSystemSynchronizedRootGroup section */
		6195343827A0FB09880F5E89 /* src */ = {
			isa = PBXFileSystemSynchronizedRootGroup;
			exceptions = (
				619536EC3227DE902FA82C88 /* PBXFileSystemSynchronizedBuildFileExceptionSet */,
			);
			path = src;
			sourceTree = SOURCE_ROOT;
		};
/* End PBXFileSystemSynchronizedRootGroup section */

/* Begin PBXFrameworksBuildPhase section */
		61953852C94087CBE26CE7E2 /* Frameworks */ = {
			isa = PBXFrameworksBuildPhase;
			runOnlyForDeploymentPostprocessing = 0;
		};
/* End PBXFrameworksBuildPhase section */

/* Begin PBXGroup section */
		61953869EC51EBC6C13E7A72 = {
			isa = PBXGroup;
			children = (
				61953F4FE2725B94BB5DE016 /* Products */,
				61953F84EDE8841FF4EB58FD /* Info.plist */,
				6195343827A0FB09880F5E89 /* src */,
			);
			sourceTree = "<group>";
		};
		61953F4FE2725B94BB5DE016 /* Products */ = {
			isa = PBXGroup;
			children = (
				61953054E79C679999285760 /* Codeviewer.app */,
			);
			name = Products;
			sourceTree = "<group>";
		};
/* End PBXGroup section */

/* Begin PBXNativeTarget section */
		61953448E778222CB0131C83 /* app */ = {
			isa = PBXNativeTarget;
			buildConfigurationList = 619537AD847CA000C1640B8B /* Build configuration list for PBXNativeTarget "app" */;
			buildPhases = (
				61953AB277B46DCD95A720D6 /* Build Kotlin */,
				61953E99CB2418540738CD58 /* Sources */,
				61953852C94087CBE26CE7E2 /* Frameworks */,
				61953807DDCA3237E8120E0C /* Resources */,
			);
			buildRules = (
			);
			dependencies = (
			);
			fileSystemSynchronizedGroups = (
				6195343827A0FB09880F5E89 /* src */,
			);
			name = app;
			productName = app;
			productReference = 61953054E79C679999285760 /* Codeviewer.app */;
			productType = "com.apple.product-type.application";
		};
/* End PBXNativeTarget section */

/* Begin PBXProject section */
		61953894F26186C70B8C203C /* Project object */ = {
			isa = PBXProject;
			buildConfigurationList = 61953A94F0B4D42348B90F07 /* Build configuration list for PBXProject "module" */;
			compatibilityVersion = "Xcode 3.2";
			developmentRegion = English;
			hasScannedForEncodings = 0;
			knownRegions = (
				en,
			);
			mainGroup = 61953869EC51EBC6C13E7A72;
			productRefGroup = 61953F4FE2725B94BB5DE016 /* Products */;
			projectDirPath = "";
			projectRoot = "";
			targets = (
				61953448E778222CB0131C83 /* app */,
			);
		};
/* End PBXProject section */

/* Begin PBXResourcesBuildPhase section */
		61953807DDCA3237E8120E0C /* Resources */ = {
			isa = PBXResourcesBuildPhase;
			runOnlyForDeploymentPostprocessing = 0;
		};
/* End PBXResourcesBuildPhase section */

/* Begin PBXShellScriptBuildPhase section */
		61953AB277B46DCD95A720D6 /* Build Kotlin */ = {
			isa = PBXShellScriptBuildPhase;
			alwaysOutOfDate = 1;
			inputPaths = (
			);
			name = "Build Kotlin";
			outputPaths = (
			);
			runOnlyForDeploymentPostprocessing = 0;
			shellPath = /bin/sh;
			shellScript = "# !KOTLIN INTEGRATION STEP!\n# This script is managed by the Kotlin Toolchain, do not edit manually!\n\"${KOTLIN_CLI_WRAPPER_PATH}\" tool xcode-integration\n";
		};
/* End PBXShellScriptBuildPhase section */

/* Begin PBXSourcesBuildPhase section */
		61953E99CB2418540738CD58 /* Sources */ = {
			isa = PBXSourcesBuildPhase;
			runOnlyForDeploymentPostprocessing = 0;
		};
/* End PBXSourcesBuildPhase section */

/* Begin XCBuildConfiguration section */
		619532473E3B85FD35EA73E8 /* Debug */ = {
			isa = XCBuildConfiguration;
			buildSettings = {
				ALWAYS_SEARCH_USER_PATHS = NO;
				ASSETCATALOG_COMPILER_APPICON_NAME = AppIcon;
				CLANG_ENABLE_MODULES = YES;
				CLANG_ENABLE_OBJC_ARC = YES;
				ENABLE_TESTABILITY = YES;
				ENABLE_USER_SCRIPT_SANDBOXING = NO;
				GCC_OPTIMIZATION_LEVEL = 0;
				INFOPLIST_FILE = src/Info.plist;
				KOTLIN_CLI_WRAPPER_PATH = ../kotlin;
				LD_RUNPATH_SEARCH_PATHS = "$(inherited) @executable_path/Frameworks @loader_path/Frameworks";
				ONLY_ACTIVE_ARCH = YES;
				PRODUCT_BUNDLE_IDENTIFIER = org.jetbrains.Codeviewer;
				PRODUCT_MODULE_NAME = app;
				PRODUCT_NAME = Codeviewer;
				SDKROOT = iphoneos;
				SWIFT_OPTIMIZATION_LEVEL = "-Onone";
				SWIFT_VERSION = 5.0;
				TARGETED_DEVICE_FAMILY = (
					1,
					2,
				);
			};
			name = Debug;
		};
		619534C7499BFCC9FFF5D8EC /* Debug */ = {
			isa = XCBuildConfiguration;
			buildSettings = {
			};
			name = Debug;
		};
		619536FEC92F1AEADBE2167D /* Release */ = {
			isa = XCBuildConfiguration;
			buildSettings = {
				ALWAYS_SEARCH_USER_PATHS = NO;
				ASSETCATALOG_COMPILER_APPICON_NAME = AppIcon;
				CLANG_ENABLE_MODULES = YES;
				CLANG_ENABLE_OBJC_ARC = YES;
				ENABLE_USER_SCRIPT_SANDBOXING = NO;
				INFOPLIST_FILE = src/Info.plist;
				KOTLIN_CLI_WRAPPER_PATH = ../kotlin;
				LD_RUNPATH_SEARCH_PATHS = "$(inherited) @executable_path/Frameworks @loader_path/Frameworks";
				PRODUCT_BUNDLE_IDENTIFIER = org.jetbrains.Codeviewer;
				PRODUCT_MODULE_NAME = app;
				PRODUCT_NAME = Codeviewer;
				SDKROOT = iphoneos;
				SWIFT_VERSION = 5.0;
				TARGETED_DEVICE_FAMILY = (
					1,
					2,
				);
			};
			name = Release;
		};
		61953F9B26C121FF0F32B955 /* Release */ = {
			isa = XCBuildConfiguration;
			buildSettings = {
			};
			name = Release;
		};
/* End XCBuildConfiguration section */

/* Begin XCConfigurationList section */
		619537AD847CA000C1640B8B /* Build configuration list for PBXNativeTarget "app" */ = {
			isa = XCConfigurationList;
			buildConfigurations = (
				619532473E3B85FD35EA73E8 /* Debug */,
				619536FEC92F1AEADBE2167D /* Release */,
			);
			defaultConfigurationIsVisible = 0;
		};
		61953A94F0B4D42348B90F07 /* Build configuration list for PBXProject "module" */ = {
			isa = XCConfigurationList;
			buildConfigurations = (
				619534C7499BFCC9FFF5D8EC /* Debug */,
				61953F9B26C121FF0F32B955 /* Release */,
			);
			defaultConfigurationIsVisible = 0;
			defaultConfigurationName = Release;
		};
/* End XCConfigurationList section */
	};
	rootObject = 61953894F26186C70B8C203C /* Project object */;
}
